
Microsoft Visual Studio Solution File, Format Version 12.00
# Visual Studio Version 17
VisualStudioVersion = 17.3.32901.215
MinimumVisualStudioVersion = 10.0.40219.1
Project("{FAE04EC0-301F-11D3-BF4B-00C04F79EFBC}") = "Conductor", "Conductor\Conductor.csproj", "{DE001368-0ACD-4795-86D7-441FAE7FB957}"
EndProject
Global
	GlobalSection(SolutionConfigurationPlatforms) = preSolution
		Debug|Any CPU = Debug|Any CPU
		Release|Any CPU = Release|Any CPU
	EndGlobalSection
	GlobalSection(ProjectConfigurationPlatforms) = postSolution
		{DE001368-0ACD-4795-86D7-441FAE7FB957}.Debug|Any CPU.ActiveCfg = Debug|Any CPU
		{DE001368-0ACD-4795-86D7-441FAE7FB957}.Debug|Any CPU.Build.0 = Debug|Any CPU
		{DE001368-0ACD-4795-86D7-441FAE7FB957}.Release|Any CPU.ActiveCfg = Release|Any CPU
		{DE001368-0ACD-4795-86D7-441FAE7FB957}.Release|Any CPU.Build.0 = Release|Any CPU
	EndGlobalSection
	GlobalSection(SolutionProperties) = preSolution
		HideSolutionNode = FALSE
	EndGlobalSection
	GlobalSection(ExtensibilityGlobals) = postSolution
		SolutionGuid = {521FDBB1-5334-42FF-A1A7-FAE98CA7BE71}
	EndGlobalSection
EndGlobal
